
Microsoft Visual Studio Solution File, Format Version 12.00
# Visual Studio Version 17
VisualStudioVersion = 17.6.33712.159
MinimumVisualStudioVersion = 10.0.40219.1
Project("{FAE04EC0-301F-11D3-BF4B-00C04F79EFBC}") = "MinimalAPITutorial", "MinimalAPITutorial\MinimalAPITutorial.csproj", "{CDD4BC8E-E3C8-4E4D-B447-66E131B4902D}"
EndProject
Global
	GlobalSection(SolutionConfigurationPlatforms) = preSolution
		Debug|Any CPU = Debug|Any CPU
		Release|Any CPU = Release|Any CPU
	EndGlobalSection
	GlobalSection(ProjectConfigurationPlatforms) = postSolution
		{CDD4BC8E-E3C8-4E4D-B447-66E131B4902D}.Debug|Any CPU.ActiveCfg = Debug|Any CPU
		{CDD4BC8E-E3C8-4E4D-B447-66E131B4902D}.Debug|Any CPU.Build.0 = Debug|Any CPU
		{CDD4BC8E-E3C8-4E4D-B447-66E131B4902D}.Release|Any CPU.ActiveCfg = Release|Any CPU
		{CDD4BC8E-E3C8-4E4D-B447-66E131B4902D}.Release|Any CPU.Build.0 = Release|Any CPU
	EndGlobalSection
	GlobalSection(SolutionProperties) = preSolution
		HideSolutionNode = FALSE
	EndGlobalSection
	GlobalSection(ExtensibilityGlobals) = postSolution
		SolutionGuid = {88B68DFF-71F7-4ABE-A773-89FC560FEEB4}
	EndGlobalSection
EndGlobal
