
Microsoft Visual Studio Solution File, Format Version 12.00
# Visual Studio Version 17
VisualStudioVersion = 17.6.33712.159
MinimumVisualStudioVersion = 10.0.40219.1
Project("{FAE04EC0-301F-11D3-BF4B-00C04F79EFBC}") = "pokemonreviewapp", "pokemonreviewapp\pokemonreviewapp.csproj", "{8FE41E92-5CD2-4B77-932C-BE3E78A48D89}"
EndProject
Global
	GlobalSection(SolutionConfigurationPlatforms) = preSolution
		Debug|Any CPU = Debug|Any CPU
		Release|Any CPU = Release|Any CPU
	EndGlobalSection
	GlobalSection(ProjectConfigurationPlatforms) = postSolution
		{8FE41E92-5CD2-4B77-932C-BE3E78A48D89}.Debug|Any CPU.ActiveCfg = Debug|Any CPU
		{8FE41E92-5CD2-4B77-932C-BE3E78A48D89}.Debug|Any CPU.Build.0 = Debug|Any CPU
		{8FE41E92-5CD2-4B77-932C-BE3E78A48D89}.Release|Any CPU.ActiveCfg = Release|Any CPU
		{8FE41E92-5CD2-4B77-932C-BE3E78A48D89}.Release|Any CPU.Build.0 = Release|Any CPU
	EndGlobalSection
	GlobalSection(SolutionProperties) = preSolution
		HideSolutionNode = FALSE
	EndGlobalSection
	GlobalSection(ExtensibilityGlobals) = postSolution
		SolutionGuid = {76745D7E-0F86-46FF-A364-5DE946306A6A}
	EndGlobalSection
EndGlobal
